<?xml version="1.0" encoding="utf-8"?>
<Project ToolsVersion="4.0" xmlns="http://schemas.microsoft.com/developer/msbuild/2003">
  <ItemGroup>
    <Filter Include="Source Files">
      <UniqueIdentifier>{4FC737F1-C7A5-4376-A066-2A32D752A2FF}</UniqueIdentifier>
      <Extensions>cpp;c;cc;cxx;c++;cppm;ixx;def;odl;idl;hpj;bat;asm;asmx</Extensions>
    </Filter>
    <Filter Include="Header Files">
      <UniqueIdentifier>{93995380-89BD-4b04-88EB-625FBE52EBFB}</UniqueIdentifier>
      <Extensions>h;hh;hpp;hxx;h++;hm;inl;inc;ipp;xsd</Extensions>
    </Filter>
    <Filter Include="Resource Files">
      <UniqueIdentifier>{67DA6AB6-F800-4c08-8B7A-83BB121AAD01}</UniqueIdentifier>
      <Extensions>rc;ico;cur;bmp;dlg;rc2;rct;bin;rgs;gif;jpg;jpeg;jpe;resx;tiff;tif;png;wav;mfcribbon-ms</Extensions>
    </Filter>
    <Filter Include="Entities">
      <UniqueIdentifier>{d554af2c-b8c6-467e-a5fd-db60aa26d45e}</UniqueIdentifier>
    </Filter>
    <Filter Include="States">
      <UniqueIdentifier>{d6ffc1c8-801b-455e-a47a-c59e82e89a55}</UniqueIdentifier>
    </Filter>
    <Filter Include="Socket">
      <UniqueIdentifier>{91b78ced-20db-400f-b08c-1c60fc4372bd}</UniqueIdentifier>
    </Filter>
    <Filter Include="file">
      <UniqueIdentifier>{8c6e568d-5414-480b-b27a-a09c40201102}</UniqueIdentifier>
    </Filter>
  </ItemGroup>
  <ItemGroup>
    <ClCompile Include="Game.cpp">
      <Filter>Source Files</Filter>
    </ClCompile>
    <ClCompile Include="Buttons.cpp">
      <Filter>Resource Files</Filter>
    </ClCompile>
    <ClCompile Include="Textbox.cpp">
      <Filter>Resource Files</Filter>
    </ClCompile>
    <ClCompile Include="Chickens.cpp">
      <Filter>Entities</Filter>
    </ClCompile>
    <ClCompile Include="ckBullets.cpp">
      <Filter>Entities</Filter>
    </ClCompile>
    <ClCompile Include="Player.cpp">
      <Filter>Entities</Filter>
    </ClCompile>
    <ClCompile Include="plBullet.cpp">
      <Filter>Entities</Filter>
    </ClCompile>
    <ClCompile Include="State.cpp">
      <Filter>States</Filter>
    </ClCompile>
    <ClCompile Include="MainMenuState.cpp">
      <Filter>States</Filter>
    </ClCompile>
    <ClCompile Include="LoginState.cpp">
      <Filter>States</Filter>
    </ClCompile>
    <ClCompile Include="GameState.cpp">
      <Filter>States</Filter>
    </ClCompile>
    <ClCompile Include="Server.c">
      <Filter>Socket</Filter>
    </ClCompile>
    <ClCompile Include="Client.c">
      <Filter>Socket</Filter>
    </ClCompile>
    <ClCompile Include="Account.c">
      <Filter>Socket</Filter>
    </ClCompile>
    <ClCompile Include="Handler.c">
      <Filter>Socket</Filter>
    </ClCompile>
    <ClCompile Include="GameStruct.c">
      <Filter>Socket</Filter>
    </ClCompile>
  </ItemGroup>
  <ItemGroup>
    <ClInclude Include="Player.h">
      <Filter>Header Files</Filter>
    </ClInclude>
    <ClInclude Include="plBullet.h">
      <Filter>Header Files</Filter>
    </ClInclude>
    <ClInclude Include="Chickens.h">
      <Filter>Header Files</Filter>
    </ClInclude>
    <ClInclude Include="ckBullets.h">
      <Filter>Header Files</Filter>
    </ClInclude>
    <ClInclude Include="Game.h">
      <Filter>Header Files</Filter>
    </ClInclude>
    <ClInclude Include="lib.h">
      <Filter>Header Files</Filter>
    </ClInclude>
    <ClInclude Include="Buttons.h">
      <Filter>Header Files</Filter>
    </ClInclude>
    <ClInclude Include="Textbox.h">
      <Filter>Header Files</Filter>
    </ClInclude>
    <ClInclude Include="GameState.h">
      <Filter>Header Files</Filter>
    </ClInclude>
    <ClInclude Include="LoginState.h">
      <Filter>Header Files</Filter>
    </ClInclude>
    <ClInclude Include="MainMenuState.h">
      <Filter>Header Files</Filter>
    </ClInclude>
    <ClInclude Include="State.h">
      <Filter>Header Files</Filter>
    </ClInclude>
    <ClInclude Include="GameStruct.h">
      <Filter>Socket</Filter>
    </ClInclude>
    <ClInclude Include="Account.h">
      <Filter>Socket</Filter>
    </ClInclude>
    <ClInclude Include="Handler.h">
      <Filter>Socket</Filter>
    </ClInclude>
    <ClInclude Include="SK_lib.h">
      <Filter>Header Files</Filter>
    </ClInclude>
  </ItemGroup>
  <ItemGroup>
    <Text Include="Account.txt">
      <Filter>file</Filter>
    </Text>
  </ItemGroup>
</Project>